
Microsoft Visual Studio Solution File, Format Version 12.00
# Visual Studio Version 16
VisualStudioVersion = 16.0.31605.320
MinimumVisualStudioVersion = 10.0.40219.1
Project("{FAE04EC0-301F-11D3-BF4B-00C04F79EFBC}") = "TonyRomas", "TonyRomas\TonyRomas.csproj", "{74B83D6F-CCF3-4E63-90DD-958F0DE8FAEE}"
EndProject
Project("{54435603-DBB4-11D2-8724-00A0C9A8B90C}") = "instalador", "instalador\instalador.vdproj", "{04903821-7A78-4327-AD4B-760FC9CAA737}"
EndProject
Global
	GlobalSection(SolutionConfigurationPlatforms) = preSolution
		Debug|Any CPU = Debug|Any CPU
		Release|Any CPU = Release|Any CPU
	EndGlobalSection
	GlobalSection(ProjectConfigurationPlatforms) = postSolution
		{74B83D6F-CCF3-4E63-90DD-958F0DE8FAEE}.Debug|Any CPU.ActiveCfg = Debug|Any CPU
		{74B83D6F-CCF3-4E63-90DD-958F0DE8FAEE}.Debug|Any CPU.Build.0 = Debug|Any CPU
		{74B83D6F-CCF3-4E63-90DD-958F0DE8FAEE}.Release|Any CPU.ActiveCfg = Release|Any CPU
		{74B83D6F-CCF3-4E63-90DD-958F0DE8FAEE}.Release|Any CPU.Build.0 = Release|Any CPU
		{04903821-7A78-4327-AD4B-760FC9CAA737}.Debug|Any CPU.ActiveCfg = Debug
		{04903821-7A78-4327-AD4B-760FC9CAA737}.Release|Any CPU.ActiveCfg = Release
	EndGlobalSection
	GlobalSection(SolutionProperties) = preSolution
		HideSolutionNode = FALSE
	EndGlobalSection
	GlobalSection(ExtensibilityGlobals) = postSolution
		SolutionGuid = {1DD91E2E-EEB1-4B43-AEBC-87D3243EFB68}
	EndGlobalSection
EndGlobal
